
Microsoft Visual Studio Solution File, Format Version 12.00
# Visual Studio 15
VisualStudioVersion = 15.0.28010.2036
MinimumVisualStudioVersion = 10.0.40219.1
Project("{FAE04EC0-301F-11D3-BF4B-00C04F79EFBC}") = "FitnessService.Library", "FitnessServiceLibrary\FitnessService.Library.csproj", "{F80FF707-F391-4E1A-B0CE-73C24E98F54D}"
EndProject
Project("{FAE04EC0-301F-11D3-BF4B-00C04F79EFBC}") = "FitnessTracker.Server", "FitnessTracker.Server\FitnessTracker.Server.csproj", "{DB288FCB-35EC-4E79-B301-BDD14CDC2745}"
EndProject
Project("{FAE04EC0-301F-11D3-BF4B-00C04F79EFBC}") = "FitnessTracker.Client", "FitnessTracker.Client\FitnessTracker.Client.csproj", "{A984CE78-60E1-4406-9317-2E8C2E48420B}"
EndProject
Global
	GlobalSection(SolutionConfigurationPlatforms) = preSolution
		Debug|Any CPU = Debug|Any CPU
		Release|Any CPU = Release|Any CPU
	EndGlobalSection
	GlobalSection(ProjectConfigurationPlatforms) = postSolution
		{F80FF707-F391-4E1A-B0CE-73C24E98F54D}.Debug|Any CPU.ActiveCfg = Debug|Any CPU
		{F80FF707-F391-4E1A-B0CE-73C24E98F54D}.Debug|Any CPU.Build.0 = Debug|Any CPU
		{F80FF707-F391-4E1A-B0CE-73C24E98F54D}.Release|Any CPU.ActiveCfg = Release|Any CPU
		{F80FF707-F391-4E1A-B0CE-73C24E98F54D}.Release|Any CPU.Build.0 = Release|Any CPU
		{DB288FCB-35EC-4E79-B301-BDD14CDC2745}.Debug|Any CPU.ActiveCfg = Debug|Any CPU
		{DB288FCB-35EC-4E79-B301-BDD14CDC2745}.Debug|Any CPU.Build.0 = Debug|Any CPU
		{DB288FCB-35EC-4E79-B301-BDD14CDC2745}.Release|Any CPU.ActiveCfg = Release|Any CPU
		{DB288FCB-35EC-4E79-B301-BDD14CDC2745}.Release|Any CPU.Build.0 = Release|Any CPU
		{A984CE78-60E1-4406-9317-2E8C2E48420B}.Debug|Any CPU.ActiveCfg = Debug|Any CPU
		{A984CE78-60E1-4406-9317-2E8C2E48420B}.Debug|Any CPU.Build.0 = Debug|Any CPU
		{A984CE78-60E1-4406-9317-2E8C2E48420B}.Release|Any CPU.ActiveCfg = Release|Any CPU
		{A984CE78-60E1-4406-9317-2E8C2E48420B}.Release|Any CPU.Build.0 = Release|Any CPU
	EndGlobalSection
	GlobalSection(SolutionProperties) = preSolution
		HideSolutionNode = FALSE
	EndGlobalSection
	GlobalSection(ExtensibilityGlobals) = postSolution
		SolutionGuid = {427072BB-072E-4CE0-B200-31DFFCA4B663}
	EndGlobalSection
EndGlobal
